
Microsoft Visual Studio Solution File, Format Version 12.00
# Visual Studio 15
VisualStudioVersion = 15.0.27703.2042
MinimumVisualStudioVersion = 10.0.40219.1
Project("{FAE04EC0-301F-11D3-BF4B-00C04F79EFBC}") = "AlphaGu2", "AlphaGu2\AlphaGu2.csproj", "{19E7284E-3B70-4E08-9E47-098EB5A03EF8}"
EndProject
Project("{FAE04EC0-301F-11D3-BF4B-00C04F79EFBC}") = "BullsnCows", "BullsnCows\BullsnCows.csproj", "{57DFBC09-A163-4FA7-80AC-90CD92385AAD}"
EndProject
Global
	GlobalSection(SolutionConfigurationPlatforms) = preSolution
		Debug|Any CPU = Debug|Any CPU
		Release|Any CPU = Release|Any CPU
	EndGlobalSection
	GlobalSection(ProjectConfigurationPlatforms) = postSolution
		{19E7284E-3B70-4E08-9E47-098EB5A03EF8}.Debug|Any CPU.ActiveCfg = Debug|Any CPU
		{19E7284E-3B70-4E08-9E47-098EB5A03EF8}.Debug|Any CPU.Build.0 = Debug|Any CPU
		{19E7284E-3B70-4E08-9E47-098EB5A03EF8}.Release|Any CPU.ActiveCfg = Release|Any CPU
		{19E7284E-3B70-4E08-9E47-098EB5A03EF8}.Release|Any CPU.Build.0 = Release|Any CPU
		{57DFBC09-A163-4FA7-80AC-90CD92385AAD}.Debug|Any CPU.ActiveCfg = Debug|Any CPU
		{57DFBC09-A163-4FA7-80AC-90CD92385AAD}.Debug|Any CPU.Build.0 = Debug|Any CPU
		{57DFBC09-A163-4FA7-80AC-90CD92385AAD}.Release|Any CPU.ActiveCfg = Release|Any CPU
		{57DFBC09-A163-4FA7-80AC-90CD92385AAD}.Release|Any CPU.Build.0 = Release|Any CPU
	EndGlobalSection
	GlobalSection(SolutionProperties) = preSolution
		HideSolutionNode = FALSE
	EndGlobalSection
	GlobalSection(ExtensibilityGlobals) = postSolution
		SolutionGuid = {4EFE12DB-31E7-4024-ACAF-4EF779BED6D3}
	EndGlobalSection
EndGlobal
